
Microsoft Visual Studio Solution File, Format Version 12.00
# Visual Studio Version 16
VisualStudioVersion = 16.0.29911.84
MinimumVisualStudioVersion = 10.0.40219.1
Project("{9A19103F-16F7-4668-BE54-9A1E7A4F7556}") = "Shop.UI", "Shop.UI\Shop.UI.csproj", "{F476B592-F5BA-46DA-B23E-A722204F932F}"
EndProject
Project("{9A19103F-16F7-4668-BE54-9A1E7A4F7556}") = "Shop.Domain", "Shop.Domain\Shop.Domain.csproj", "{C98EF1CD-05F9-46A6-A156-5BA8B1D7E0FB}"
EndProject
Project("{9A19103F-16F7-4668-BE54-9A1E7A4F7556}") = "Shop.Application", "Shop.Application\Shop.Application.csproj", "{8ADA4F17-1C96-403C-98ED-0DA5BCFC5AE6}"
EndProject
Project("{9A19103F-16F7-4668-BE54-9A1E7A4F7556}") = "Shop.Database", "Shop.Database\Shop.Database.csproj", "{E02C77AD-0E86-4DFF-B1CD-9DD00BDBB663}"
EndProject
Global
	GlobalSection(SolutionConfigurationPlatforms) = preSolution
		Debug|Any CPU = Debug|Any CPU
		Release|Any CPU = Release|Any CPU
	EndGlobalSection
	GlobalSection(ProjectConfigurationPlatforms) = postSolution
		{F476B592-F5BA-46DA-B23E-A722204F932F}.Debug|Any CPU.ActiveCfg = Debug|Any CPU
		{F476B592-F5BA-46DA-B23E-A722204F932F}.Debug|Any CPU.Build.0 = Debug|Any CPU
		{F476B592-F5BA-46DA-B23E-A722204F932F}.Release|Any CPU.ActiveCfg = Release|Any CPU
		{F476B592-F5BA-46DA-B23E-A722204F932F}.Release|Any CPU.Build.0 = Release|Any CPU
		{C98EF1CD-05F9-46A6-A156-5BA8B1D7E0FB}.Debug|Any CPU.ActiveCfg = Debug|Any CPU
		{C98EF1CD-05F9-46A6-A156-5BA8B1D7E0FB}.Debug|Any CPU.Build.0 = Debug|Any CPU
		{C98EF1CD-05F9-46A6-A156-5BA8B1D7E0FB}.Release|Any CPU.ActiveCfg = Release|Any CPU
		{C98EF1CD-05F9-46A6-A156-5BA8B1D7E0FB}.Release|Any CPU.Build.0 = Release|Any CPU
		{8ADA4F17-1C96-403C-98ED-0DA5BCFC5AE6}.Debug|Any CPU.ActiveCfg = Debug|Any CPU
		{8ADA4F17-1C96-403C-98ED-0DA5BCFC5AE6}.Debug|Any CPU.Build.0 = Debug|Any CPU
		{8ADA4F17-1C96-403C-98ED-0DA5BCFC5AE6}.Release|Any CPU.ActiveCfg = Release|Any CPU
		{8ADA4F17-1C96-403C-98ED-0DA5BCFC5AE6}.Release|Any CPU.Build.0 = Release|Any CPU
		{E02C77AD-0E86-4DFF-B1CD-9DD00BDBB663}.Debug|Any CPU.ActiveCfg = Debug|Any CPU
		{E02C77AD-0E86-4DFF-B1CD-9DD00BDBB663}.Debug|Any CPU.Build.0 = Debug|Any CPU
		{E02C77AD-0E86-4DFF-B1CD-9DD00BDBB663}.Release|Any CPU.ActiveCfg = Release|Any CPU
		{E02C77AD-0E86-4DFF-B1CD-9DD00BDBB663}.Release|Any CPU.Build.0 = Release|Any CPU
	EndGlobalSection
	GlobalSection(SolutionProperties) = preSolution
		HideSolutionNode = FALSE
	EndGlobalSection
	GlobalSection(ExtensibilityGlobals) = postSolution
		SolutionGuid = {7021A6B9-9666-46E1-95AB-823D323DE524}
	EndGlobalSection
EndGlobal
